
Microsoft Visual Studio Solution File, Format Version 12.00
# Visual Studio Version 16
VisualStudioVersion = 16.0.30204.135
MinimumVisualStudioVersion = 10.0.40219.1
Project("{9A19103F-16F7-4668-BE54-9A1E7A4F7556}") = "HelloWorldNative", "HelloWorld\HelloWorldNative.csproj", "{28CD0E73-954C-491A-B44A-53A03E5F7E43}"
EndProject
Project("{9A19103F-16F7-4668-BE54-9A1E7A4F7556}") = "lib1", "lib1\lib1.csproj", "{CBDDB5CC-E81D-430A-B826-23033E488F67}"
EndProject
Project("{9A19103F-16F7-4668-BE54-9A1E7A4F7556}") = "lib2", "lib2\lib2.csproj", "{383D0F83-9F1B-48D1-A0AF-C34FB74EAD1E}"
EndProject
Global
	GlobalSection(SolutionConfigurationPlatforms) = preSolution
		Debug|Any CPU = Debug|Any CPU
		Release|Any CPU = Release|Any CPU
	EndGlobalSection
	GlobalSection(ProjectConfigurationPlatforms) = postSolution
		{28CD0E73-954C-491A-B44A-53A03E5F7E43}.Debug|Any CPU.ActiveCfg = Debug|Any CPU
		{28CD0E73-954C-491A-B44A-53A03E5F7E43}.Debug|Any CPU.Build.0 = Debug|Any CPU
		{28CD0E73-954C-491A-B44A-53A03E5F7E43}.Release|Any CPU.ActiveCfg = Release|Any CPU
		{28CD0E73-954C-491A-B44A-53A03E5F7E43}.Release|Any CPU.Build.0 = Release|Any CPU
		{CBDDB5CC-E81D-430A-B826-23033E488F67}.Debug|Any CPU.ActiveCfg = Debug|Any CPU
		{CBDDB5CC-E81D-430A-B826-23033E488F67}.Debug|Any CPU.Build.0 = Debug|Any CPU
		{CBDDB5CC-E81D-430A-B826-23033E488F67}.Release|Any CPU.ActiveCfg = Release|Any CPU
		{CBDDB5CC-E81D-430A-B826-23033E488F67}.Release|Any CPU.Build.0 = Release|Any CPU
		{383D0F83-9F1B-48D1-A0AF-C34FB74EAD1E}.Debug|Any CPU.ActiveCfg = Debug|Any CPU
		{383D0F83-9F1B-48D1-A0AF-C34FB74EAD1E}.Debug|Any CPU.Build.0 = Debug|Any CPU
		{383D0F83-9F1B-48D1-A0AF-C34FB74EAD1E}.Release|Any CPU.ActiveCfg = Release|Any CPU
		{383D0F83-9F1B-48D1-A0AF-C34FB74EAD1E}.Release|Any CPU.Build.0 = Release|Any CPU
	EndGlobalSection
	GlobalSection(SolutionProperties) = preSolution
		HideSolutionNode = FALSE
	EndGlobalSection
	GlobalSection(ExtensibilityGlobals) = postSolution
		SolutionGuid = {D3C1EA51-B149-4D2A-B26A-0E421B529244}
	EndGlobalSection
EndGlobal
